// !$*UTF8*$!
{
	archiveVersion = 1;
	classes = {
	};
	objectVersion = 56;
	objects = {

/* Begin PBXBuildFile section */
		4907ED502AA5C0EF000A566E /* CalendarSync.swift in Sources */ = {isa = PBXBuildFile; fileRef = 4907ED4F2AA5C0EF000A566E /* CalendarSync.swift */; };
		49AB0D8D2AA3A8C80047CC2E /* App.swift in Sources */ = {isa = PBXBuildFile; fileRef = 49AB0D8C2AA3A8C80047CC2E /* App.swift */; };
		49AB0D912AA3A8C80047CC2E /* Assets.xcassets in Resources */ = {isa = PBXBuildFile; fileRef = 49AB0D902AA3A8C80047CC2E /* Assets.xcassets */; };
		49AB0D942AA3A8C80047CC2E /* Preview Assets.xcassets in Resources */ = {isa = PBXBuildFile; fileRef = 49AB0D932AA3A8C80047CC2E /* Preview Assets.xcassets */; };
		49AB0D9F2AA3A8C80047CC2E /* Calendar_Focus_SyncTests.swift in Sources */ = {isa = PBXBuildFile; fileRef = 49AB0D9E2AA3A8C80047CC2E /* Calendar_Focus_SyncTests.swift */; };
		49AB0DA92AA3A8C80047CC2E /* Calendar_Focus_SyncUITests.swift in Sources */ = {isa = PBXBuildFile; fileRef = 49AB0DA82AA3A8C80047CC2E /* Calendar_Focus_SyncUITests.swift */; };
		49AB0DAB2AA3A8C80047CC2E /* Calendar_Focus_SyncUITestsLaunchTests.swift in Sources */ = {isa = PBXBuildFile; fileRef = 49AB0DAA2AA3A8C80047CC2E /* Calendar_Focus_SyncUITestsLaunchTests.swift */; };
		49AB0DBA2AA3AAA10047CC2E /* HomeView.swift in Sources */ = {isa = PBXBuildFile; fileRef = 49AB0DB92AA3AAA10047CC2E /* HomeView.swift */; };
		49AB0DBC2AA4837E0047CC2E /* Constants.swift in Sources */ = {isa = PBXBuildFile; fileRef = 49AB0DBB2AA4837E0047CC2E /* Constants.swift */; };
		49C21A162AA5E3320063271F /* UserPreferences.swift in Sources */ = {isa = PBXBuildFile; fileRef = 49C21A152AA5E3320063271F /* UserPreferences.swift */; };
/* End PBXBuildFile section */

/* Begin PBXContainerItemProxy section */
		49AB0D9B2AA3A8C80047CC2E /* PBXContainerItemProxy */ = {
			isa = PBXContainerItemProxy;
			containerPortal = 49AB0D812AA3A8C80047CC2E /* Project object */;
			proxyType = 1;
			remoteGlobalIDString = 49AB0D882AA3A8C80047CC2E;
			remoteInfo = "Calendar Focus Sync";
		};
		49AB0DA52AA3A8C80047CC2E /* PBXContainerItemProxy */ = {
			isa = PBXContainerItemProxy;
			containerPortal = 49AB0D812AA3A8C80047CC2E /* Project object */;
			proxyType = 1;
			remoteGlobalIDString = 49AB0D882AA3A8C80047CC2E;
			remoteInfo = "Calendar Focus Sync";
		};
/* End PBXContainerItemProxy section */

/* Begin PBXFileReference section */
		4907ED4F2AA5C0EF000A566E /* CalendarSync.swift */ = {isa = PBXFileReference; lastKnownFileType = sourcecode.swift; path = CalendarSync.swift; sourceTree = "<group>"; };
		49AB0D892AA3A8C80047CC2E /* Calendar Focus Sync.app */ = {isa = PBXFileReference; explicitFileType = wrapper.application; includeInIndex = 0; path = "Calendar Focus Sync.app"; sourceTree = BUILT_PRODUCTS_DIR; };
		49AB0D8C2AA3A8C80047CC2E /* App.swift */ = {isa = PBXFileReference; lastKnownFileType = sourcecode.swift; path = App.swift; sourceTree = "<group>"; };
		49AB0D902AA3A8C80047CC2E /* Assets.xcassets */ = {isa = PBXFileReference; lastKnownFileType = folder.assetcatalog; path = Assets.xcassets; sourceTree = "<group>"; };
		49AB0D932AA3A8C80047CC2E /* Preview Assets.xcassets */ = {isa = PBXFileReference; lastKnownFileType = folder.assetcatalog; path = "Preview Assets.xcassets"; sourceTree = "<group>"; };
		49AB0D952AA3A8C80047CC2E /* Calendar_Focus_Sync.entitlements */ = {isa = PBXFileReference; lastKnownFileType = text.plist.entitlements; path = Calendar_Focus_Sync.entitlements; sourceTree = "<group>"; };
		49AB0D9A2AA3A8C80047CC2E /* Tests.xctest */ = {isa = PBXFileReference; explicitFileType = wrapper.cfbundle; includeInIndex = 0; path = Tests.xctest; sourceTree = BUILT_PRODUCTS_DIR; };
		49AB0D9E2AA3A8C80047CC2E /* Calendar_Focus_SyncTests.swift */ = {isa = PBXFileReference; lastKnownFileType = sourcecode.swift; path = Calendar_Focus_SyncTests.swift; sourceTree = "<group>"; };
		49AB0DA42AA3A8C80047CC2E /* UITests.xctest */ = {isa = PBXFileReference; explicitFileType = wrapper.cfbundle; includeInIndex = 0; path = UITests.xctest; sourceTree = BUILT_PRODUCTS_DIR; };
		49AB0DA82AA3A8C80047CC2E /* Calendar_Focus_SyncUITests.swift */ = {isa = PBXFileReference; lastKnownFileType = sourcecode.swift; path = Calendar_Focus_SyncUITests.swift; sourceTree = "<group>"; };
		49AB0DAA2AA3A8C80047CC2E /* Calendar_Focus_SyncUITestsLaunchTests.swift */ = {isa = PBXFileReference; lastKnownFileType = sourcecode.swift; path = Calendar_Focus_SyncUITestsLaunchTests.swift; sourceTree = "<group>"; };
		49AB0DB92AA3AAA10047CC2E /* HomeView.swift */ = {isa = PBXFileReference; lastKnownFileType = sourcecode.swift; path = HomeView.swift; sourceTree = "<group>"; };
		49AB0DBB2AA4837E0047CC2E /* Constants.swift */ = {isa = PBXFileReference; lastKnownFileType = sourcecode.swift; path = Constants.swift; sourceTree = "<group>"; };
		49C21A122AA5DE8D0063271F /* Info.plist */ = {isa = PBXFileReference; lastKnownFileType = text.plist.xml; path = Info.plist; sourceTree = SOURCE_ROOT; };
		49C21A152AA5E3320063271F /* UserPreferences.swift */ = {isa = PBXFileReference; lastKnownFileType = sourcecode.swift; path = UserPreferences.swift; sourceTree = "<group>"; };
/* End PBXFileReference section */

/* Begin PBXFrameworksBuildPhase section */
		49AB0D862AA3A8C80047CC2E /* Frameworks */ = {
			isa = PBXFrameworksBuildPhase;
			buildActionMask = 2147483647;
			files = (
			);
			runOnlyForDeploymentPostprocessing = 0;
		};
		49AB0D972AA3A8C80047CC2E /* Frameworks */ = {
			isa = PBXFrameworksBuildPhase;
			buildActionMask = 2147483647;
			files = (
			);
			runOnlyForDeploymentPostprocessing = 0;
		};
		49AB0DA12AA3A8C80047CC2E /* Frameworks */ = {
			isa = PBXFrameworksBuildPhase;
			buildActionMask = 2147483647;
			files = (
			);
			runOnlyForDeploymentPostprocessing = 0;
		};
/* End PBXFrameworksBuildPhase section */

/* Begin PBXGroup section */
		4907ED4E2AA5C0DA000A566E /* Services */ = {
			isa = PBXGroup;
			children = (
				4907ED4F2AA5C0EF000A566E /* CalendarSync.swift */,
			);
			path = Services;
			sourceTree = "<group>";
		};
		49AB0D802AA3A8C80047CC2E = {
			isa = PBXGroup;
			children = (
				49AB0D8B2AA3A8C80047CC2E /* Calendar Focus Sync */,
				49AB0D9D2AA3A8C80047CC2E /* Tests */,
				49AB0DA72AA3A8C80047CC2E /* UITests */,
				49AB0D8A2AA3A8C80047CC2E /* Products */,
			);
			sourceTree = "<group>";
		};
		49AB0D8A2AA3A8C80047CC2E /* Products */ = {
			isa = PBXGroup;
			children = (
				49AB0D892AA3A8C80047CC2E /* Calendar Focus Sync.app */,
				49AB0D9A2AA3A8C80047CC2E /* Tests.xctest */,
				49AB0DA42AA3A8C80047CC2E /* UITests.xctest */,
			);
			name = Products;
			sourceTree = "<group>";
		};
		49AB0D8B2AA3A8C80047CC2E /* Calendar Focus Sync */ = {
			isa = PBXGroup;
			children = (
				49AB0D8C2AA3A8C80047CC2E /* App.swift */,
				49AB0DBB2AA4837E0047CC2E /* Constants.swift */,
				49C21A142AA5E2E10063271F /* Views */,
				4907ED4E2AA5C0DA000A566E /* Services */,
				49C21A172AA5E3390063271F /* State */,
				49AB0D902AA3A8C80047CC2E /* Assets.xcassets */,
				49AB0D952AA3A8C80047CC2E /* Calendar_Focus_Sync.entitlements */,
				49C21A122AA5DE8D0063271F /* Info.plist */,
				49AB0D922AA3A8C80047CC2E /* Preview Content */,
			);
			path = "Calendar Focus Sync";
			sourceTree = "<group>";
		};
		49AB0D922AA3A8C80047CC2E /* Preview Content */ = {
			isa = PBXGroup;
			children = (
				49AB0D932AA3A8C80047CC2E /* Preview Assets.xcassets */,
			);
			path = "Preview Content";
			sourceTree = "<group>";
		};
		49AB0D9D2AA3A8C80047CC2E /* Tests */ = {
			isa = PBXGroup;
			children = (
				49AB0D9E2AA3A8C80047CC2E /* Calendar_Focus_SyncTests.swift */,
			);
			path = Tests;
			sourceTree = "<group>";
		};
		49AB0DA72AA3A8C80047CC2E /* UITests */ = {
			isa = PBXGroup;
			children = (
				49AB0DA82AA3A8C80047CC2E /* Calendar_Focus_SyncUITests.swift */,
				49AB0DAA2AA3A8C80047CC2E /* Calendar_Focus_SyncUITestsLaunchTests.swift */,
			);
			path = UITests;
			sourceTree = "<group>";
		};
		49C21A142AA5E2E10063271F /* Views */ = {
			isa = PBXGroup;
			children = (
				49AB0DB92AA3AAA10047CC2E /* HomeView.swift */,
			);
			path = Views;
			sourceTree = "<group>";
		};
		49C21A172AA5E3390063271F /* State */ = {
			isa = PBXGroup;
			children = (
				49C21A152AA5E3320063271F /* UserPreferences.swift */,
			);
			path = State;
			sourceTree = "<group>";
		};
/* End PBXGroup section */

/* Begin PBXNativeTarget section */
		49AB0D882AA3A8C80047CC2E /* Calendar Focus Sync */ = {
			isa = PBXNativeTarget;
			buildConfigurationList = 49AB0DAE2AA3A8C80047CC2E /* Build configuration list for PBXNativeTarget "Calendar Focus Sync" */;
			buildPhases = (
				49AB0D852AA3A8C80047CC2E /* Sources */,
				49AB0D862AA3A8C80047CC2E /* Frameworks */,
				49AB0D872AA3A8C80047CC2E /* Resources */,
			);
			buildRules = (
			);
			dependencies = (
			);
			name = "Calendar Focus Sync";
			productName = "Calendar Focus Sync";
			productReference = 49AB0D892AA3A8C80047CC2E /* Calendar Focus Sync.app */;
			productType = "com.apple.product-type.application";
		};
		49AB0D992AA3A8C80047CC2E /* Tests */ = {
			isa = PBXNativeTarget;
			buildConfigurationList = 49AB0DB12AA3A8C80047CC2E /* Build configuration list for PBXNativeTarget "Tests" */;
			buildPhases = (
				49AB0D962AA3A8C80047CC2E /* Sources */,
				49AB0D972AA3A8C80047CC2E /* Frameworks */,
				49AB0D982AA3A8C80047CC2E /* Resources */,
			);
			buildRules = (
			);
			dependencies = (
				49AB0D9C2AA3A8C80047CC2E /* PBXTargetDependency */,
			);
			name = Tests;
			productName = Tests;
			productReference = 49AB0D9A2AA3A8C80047CC2E /* Tests.xctest */;
			productType = "com.apple.product-type.bundle.unit-test";
		};
		49AB0DA32AA3A8C80047CC2E /* UITests */ = {
			isa = PBXNativeTarget;
			buildConfigurationList = 49AB0DB42AA3A8C80047CC2E /* Build configuration list for PBXNativeTarget "UITests" */;
			buildPhases = (
				49AB0DA02AA3A8C80047CC2E /* Sources */,
				49AB0DA12AA3A8C80047CC2E /* Frameworks */,
				49AB0DA22AA3A8C80047CC2E /* Resources */,
			);
			buildRules = (
			);
			dependencies = (
				49AB0DA62AA3A8C80047CC2E /* PBXTargetDependency */,
			);
			name = UITests;
			productName = UITests;
			productReference = 49AB0DA42AA3A8C80047CC2E /* UITests.xctest */;
			productType = "com.apple.product-type.bundle.ui-testing";
		};
/* End PBXNativeTarget section */

/* Begin PBXProject section */
		49AB0D812AA3A8C80047CC2E /* Project object */ = {
			isa = PBXProject;
			attributes = {
				BuildIndependentTargetsInParallel = 1;
				LastSwiftUpdateCheck = 1430;
				LastUpgradeCheck = 1430;
				TargetAttributes = {
					49AB0D882AA3A8C80047CC2E = {
						CreatedOnToolsVersion = 14.3;
					};
					49AB0D992AA3A8C80047CC2E = {
						CreatedOnToolsVersion = 14.3;
						TestTargetID = 49AB0D882AA3A8C80047CC2E;
					};
					49AB0DA32AA3A8C80047CC2E = {
						CreatedOnToolsVersion = 14.3;
						TestTargetID = 49AB0D882AA3A8C80047CC2E;
					};
				};
			};
			buildConfigurationList = 49AB0D842AA3A8C80047CC2E /* Build configuration list for PBXProject "Calendar Focus Sync" */;
			compatibilityVersion = "Xcode 14.0";
			developmentRegion = en;
			hasScannedForEncodings = 0;
			knownRegions = (
				en,
				Base,
			);
			mainGroup = 49AB0D802AA3A8C80047CC2E;
			productRefGroup = 49AB0D8A2AA3A8C80047CC2E /* Products */;
			projectDirPath = "";
			projectRoot = "";
			targets = (
				49AB0D882AA3A8C80047CC2E /* Calendar Focus Sync */,
				49AB0D992AA3A8C80047CC2E /* Tests */,
				49AB0DA32AA3A8C80047CC2E /* UITests */,
			);
		};
/* End PBXProject section */

/* Begin PBXResourcesBuildPhase section */
		49AB0D872AA3A8C80047CC2E /* Resources */ = {
			isa = PBXResourcesBuildPhase;
			buildActionMask = 2147483647;
			files = (
				49AB0D942AA3A8C80047CC2E /* Preview Assets.xcassets in Resources */,
				49AB0D912AA3A8C80047CC2E /* Assets.xcassets in Resources */,
			);
			runOnlyForDeploymentPostprocessing = 0;
		};
		49AB0D982AA3A8C80047CC2E /* Resources */ = {
			isa = PBXResourcesBuildPhase;
			buildActionMask = 2147483647;
			files = (
			);
			runOnlyForDeploymentPostprocessing = 0;
		};
		49AB0DA22AA3A8C80047CC2E /* Resources */ = {
			isa = PBXResourcesBuildPhase;
			buildActionMask = 2147483647;
			files = (
			);
			runOnlyForDeploymentPostprocessing = 0;
		};
/* End PBXResourcesBuildPhase section */

/* Begin PBXSourcesBuildPhase section */
		49AB0D852AA3A8C80047CC2E /* Sources */ = {
			isa = PBXSourcesBuildPhase;
			buildActionMask = 2147483647;
			files = (
				49C21A162AA5E3320063271F /* UserPreferences.swift in Sources */,
				4907ED502AA5C0EF000A566E /* CalendarSync.swift in Sources */,
				49AB0DBA2AA3AAA10047CC2E /* HomeView.swift in Sources */,
				49AB0D8D2AA3A8C80047CC2E /* App.swift in Sources */,
				49AB0DBC2AA4837E0047CC2E /* Constants.swift in Sources */,
			);
			runOnlyForDeploymentPostprocessing = 0;
		};
		49AB0D962AA3A8C80047CC2E /* Sources */ = {
			isa = PBXSourcesBuildPhase;
			buildActionMask = 2147483647;
			files = (
				49AB0D9F2AA3A8C80047CC2E /* Calendar_Focus_SyncTests.swift in Sources */,
			);
			runOnlyForDeploymentPostprocessing = 0;
		};
		49AB0DA02AA3A8C80047CC2E /* Sources */ = {
			isa = PBXSourcesBuildPhase;
			buildActionMask = 2147483647;
			files = (
				49AB0DAB2AA3A8C80047CC2E /* Calendar_Focus_SyncUITestsLaunchTests.swift in Sources */,
				49AB0DA92AA3A8C80047CC2E /* Calendar_Focus_SyncUITests.swift in Sources */,
			);
			runOnlyForDeploymentPostprocessing = 0;
		};
/* End PBXSourcesBuildPhase section */

/* Begin PBXTargetDependency section */
		49AB0D9C2AA3A8C80047CC2E /* PBXTargetDependency */ = {
			isa = PBXTargetDependency;
			target = 49AB0D882AA3A8C80047CC2E /* Calendar Focus Sync */;
			targetProxy = 49AB0D9B2AA3A8C80047CC2E /* PBXContainerItemProxy */;
		};
		49AB0DA62AA3A8C80047CC2E /* PBXTargetDependency */ = {
			isa = PBXTargetDependency;
			target = 49AB0D882AA3A8C80047CC2E /* Calendar Focus Sync */;
			targetProxy = 49AB0DA52AA3A8C80047CC2E /* PBXContainerItemProxy */;
		};
/* End PBXTargetDependency section */

/* Begin XCBuildConfiguration section */
		49AB0DAC2AA3A8C80047CC2E /* Debug */ = {
			isa = XCBuildConfiguration;
			buildSettings = {
				ALWAYS_SEARCH_USER_PATHS = NO;
				CLANG_ANALYZER_NONNULL = YES;
				CLANG_ANALYZER_NUMBER_OBJECT_CONVERSION = YES_AGGRESSIVE;
				CLANG_CXX_LANGUAGE_STANDARD = "gnu++20";
				CLANG_ENABLE_MODULES = YES;
				CLANG_ENABLE_OBJC_ARC = YES;
				CLANG_ENABLE_OBJC_WEAK = YES;
				CLANG_WARN_BLOCK_CAPTURE_AUTORELEASING = YES;
				CLANG_WARN_BOOL_CONVERSION = YES;
				CLANG_WARN_COMMA = YES;
				CLANG_WARN_CONSTANT_CONVERSION = YES;
				CLANG_WARN_DEPRECATED_OBJC_IMPLEMENTATIONS = YES;
				CLANG_WARN_DIRECT_OBJC_ISA_USAGE = YES_ERROR;
				CLANG_WARN_DOCUMENTATION_COMMENTS = YES;
				CLANG_WARN_EMPTY_BODY = YES;
				CLANG_WARN_ENUM_CONVERSION = YES;
				CLANG_WARN_INFINITE_RECURSION = YES;
				CLANG_WARN_INT_CONVERSION = YES;
				CLANG_WARN_NON_LITERAL_NULL_CONVERSION = YES;
				CLANG_WARN_OBJC_IMPLICIT_RETAIN_SELF = YES;
				CLANG_WARN_OBJC_LITERAL_CONVERSION = YES;
				CLANG_WARN_OBJC_ROOT_CLASS = YES_ERROR;
				CLANG_WARN_QUOTED_INCLUDE_IN_FRAMEWORK_HEADER = YES;
				CLANG_WARN_RANGE_LOOP_ANALYSIS = YES;
				CLANG_WARN_STRICT_PROTOTYPES = YES;
				CLANG_WARN_SUSPICIOUS_MOVE = YES;
				CLANG_WARN_UNGUARDED_AVAILABILITY = YES_AGGRESSIVE;
				CLANG_WARN_UNREACHABLE_CODE = YES;
				CLANG_WARN__DUPLICATE_METHOD_MATCH = YES;
				COPY_PHASE_STRIP = NO;
				DEBUG_INFORMATION_FORMAT = dwarf;
				ENABLE_STRICT_OBJC_MSGSEND = YES;
				ENABLE_TESTABILITY = YES;
				GCC_C_LANGUAGE_STANDARD = gnu11;
				GCC_DYNAMIC_NO_PIC = NO;
				GCC_NO_COMMON_BLOCKS = YES;
				GCC_OPTIMIZATION_LEVEL = 0;
				GCC_PREPROCESSOR_DEFINITIONS = (
					"DEBUG=1",
					"$(inherited)",
				);
				GCC_WARN_64_TO_32_BIT_CONVERSION = YES;
				GCC_WARN_ABOUT_RETURN_TYPE = YES_ERROR;
				GCC_WARN_UNDECLARED_SELECTOR = YES;
				GCC_WARN_UNINITIALIZED_AUTOS = YES_AGGRESSIVE;
				GCC_WARN_UNUSED_FUNCTION = YES;
				GCC_WARN_UNUSED_VARIABLE = YES;
				MACOSX_DEPLOYMENT_TARGET = 13.3;
				MTL_ENABLE_DEBUG_INFO = INCLUDE_SOURCE;
				MTL_FAST_MATH = YES;
				ONLY_ACTIVE_ARCH = YES;
				SDKROOT = macosx;
				SWIFT_ACTIVE_COMPILATION_CONDITIONS = DEBUG;
				SWIFT_OPTIMIZATION_LEVEL = "-Onone";
			};
			name = Debug;
		};
		49AB0DAD2AA3A8C80047CC2E /* Release */ = {
			isa = XCBuildConfiguration;
			buildSettings = {
				ALWAYS_SEARCH_USER_PATHS = NO;
				CLANG_ANALYZER_NONNULL = YES;
				CLANG_ANALYZER_NUMBER_OBJECT_CONVERSION = YES_AGGRESSIVE;
				CLANG_CXX_LANGUAGE_STANDARD = "gnu++20";
				CLANG_ENABLE_MODULES = YES;
				CLANG_ENABLE_OBJC_ARC = YES;
				CLANG_ENABLE_OBJC_WEAK = YES;
				CLANG_WARN_BLOCK_CAPTURE_AUTORELEASING = YES;
				CLANG_WARN_BOOL_CONVERSION = YES;
				CLANG_WARN_COMMA = YES;
				CLANG_WARN_CONSTANT_CONVERSION = YES;
				CLANG_WARN_DEPRECATED_OBJC_IMPLEMENTATIONS = YES;
				CLANG_WARN_DIRECT_OBJC_ISA_USAGE = YES_ERROR;
				CLANG_WARN_DOCUMENTATION_COMMENTS = YES;
				CLANG_WARN_EMPTY_BODY = YES;
				CLANG_WARN_ENUM_CONVERSION = YES;
				CLANG_WARN_INFINITE_RECURSION = YES;
				CLANG_WARN_INT_CONVERSION = YES;
				CLANG_WARN_NON_LITERAL_NULL_CONVERSION = YES;
				CLANG_WARN_OBJC_IMPLICIT_RETAIN_SELF = YES;
				CLANG_WARN_OBJC_LITERAL_CONVERSION = YES;
				CLANG_WARN_OBJC_ROOT_CLASS = YES_ERROR;
				CLANG_WARN_QUOTED_INCLUDE_IN_FRAMEWORK_HEADER = YES;
				CLANG_WARN_RANGE_LOOP_ANALYSIS = YES;
				CLANG_WARN_STRICT_PROTOTYPES = YES;
				CLANG_WARN_SUSPICIOUS_MOVE = YES;
				CLANG_WARN_UNGUARDED_AVAILABILITY = YES_AGGRESSIVE;
				CLANG_WARN_UNREACHABLE_CODE = YES;
				CLANG_WARN__DUPLICATE_METHOD_MATCH = YES;
				COPY_PHASE_STRIP = NO;
				DEBUG_INFORMATION_FORMAT = "dwarf-with-dsym";
				ENABLE_NS_ASSERTIONS = NO;
				ENABLE_STRICT_OBJC_MSGSEND = YES;
				GCC_C_LANGUAGE_STANDARD = gnu11;
				GCC_NO_COMMON_BLOCKS = YES;
				GCC_WARN_64_TO_32_BIT_CONVERSION = YES;
				GCC_WARN_ABOUT_RETURN_TYPE = YES_ERROR;
				GCC_WARN_UNDECLARED_SELECTOR = YES;
				GCC_WARN_UNINITIALIZED_AUTOS = YES_AGGRESSIVE;
				GCC_WARN_UNUSED_FUNCTION = YES;
				GCC_WARN_UNUSED_VARIABLE = YES;
				MACOSX_DEPLOYMENT_TARGET = 13.3;
				MTL_ENABLE_DEBUG_INFO = NO;
				MTL_FAST_MATH = YES;
				SDKROOT = macosx;
				SWIFT_COMPILATION_MODE = wholemodule;
				SWIFT_OPTIMIZATION_LEVEL = "-O";
			};
			name = Release;
		};
		49AB0DAF2AA3A8C80047CC2E /* Debug */ = {
			isa = XCBuildConfiguration;
			buildSettings = {
				ASSETCATALOG_COMPILER_APPICON_NAME = AppIcon;
				ASSETCATALOG_COMPILER_GLOBAL_ACCENT_COLOR_NAME = AccentColor;
				CODE_SIGN_ENTITLEMENTS = "Calendar Focus Sync/Calendar_Focus_Sync.entitlements";
				CODE_SIGN_STYLE = Automatic;
				COMBINE_HIDPI_IMAGES = YES;
				CURRENT_PROJECT_VERSION = 1;
				DEVELOPMENT_ASSET_PATHS = "\"Calendar Focus Sync/Preview Content\"";
				ENABLE_PREVIEWS = YES;
				GENERATE_INFOPLIST_FILE = YES;
				INFOPLIST_FILE = "Calendar-Focus-Sync-Info.plist";
				INFOPLIST_KEY_NSCalendarsUsageDescription = "Calendar Focus Sync needs access to your calendar to know when to activate Focus Modes";
				INFOPLIST_KEY_NSHumanReadableCopyright = "";
				LD_RUNPATH_SEARCH_PATHS = (
					"$(inherited)",
					"@executable_path/../Frameworks",
				);
				MARKETING_VERSION = 1.0;
				PRODUCT_BUNDLE_IDENTIFIER = "com.andrewglago.Calendar-Focus-Sync";
				PRODUCT_NAME = "$(TARGET_NAME)";
				SWIFT_EMIT_LOC_STRINGS = YES;
				SWIFT_VERSION = 5.0;
			};
			name = Debug;
		};
		49AB0DB02AA3A8C80047CC2E /* Release */ = {
			isa = XCBuildConfiguration;
			buildSettings = {
				ASSETCATALOG_COMPILER_APPICON_NAME = AppIcon;
				ASSETCATALOG_COMPILER_GLOBAL_ACCENT_COLOR_NAME = AccentColor;
				CODE_SIGN_ENTITLEMENTS = "Calendar Focus Sync/Calendar_Focus_Sync.entitlements";
				CODE_SIGN_STYLE = Automatic;
				COMBINE_HIDPI_IMAGES = YES;
				CURRENT_PROJECT_VERSION = 1;
				DEVELOPMENT_ASSET_PATHS = "\"Calendar Focus Sync/Preview Content\"";
				ENABLE_PREVIEWS = YES;
				GENERATE_INFOPLIST_FILE = YES;
				INFOPLIST_FILE = "Calendar-Focus-Sync-Info.plist";
				INFOPLIST_KEY_NSCalendarsUsageDescription = "Calendar Focus Sync needs access to your calendar to know when to activate Focus Modes";
				INFOPLIST_KEY_NSHumanReadableCopyright = "";
				LD_RUNPATH_SEARCH_PATHS = (
					"$(inherited)",
					"@executable_path/../Frameworks",
				);
				MARKETING_VERSION = 1.0;
				PRODUCT_BUNDLE_IDENTIFIER = "com.andrewglago.Calendar-Focus-Sync";
				PRODUCT_NAME = "$(TARGET_NAME)";
				SWIFT_EMIT_LOC_STRINGS = YES;
				SWIFT_VERSION = 5.0;
			};
			name = Release;
		};
		49AB0DB22AA3A8C80047CC2E /* Debug */ = {
			isa = XCBuildConfiguration;
			buildSettings = {
				ALWAYS_EMBED_SWIFT_STANDARD_LIBRARIES = YES;
				BUNDLE_LOADER = "$(TEST_HOST)";
				CODE_SIGN_STYLE = Automatic;
				CURRENT_PROJECT_VERSION = 1;
				GENERATE_INFOPLIST_FILE = YES;
				MACOSX_DEPLOYMENT_TARGET = 13.3;
				MARKETING_VERSION = 1.0;
				PRODUCT_BUNDLE_IDENTIFIER = "com.andrewglago.Calendar-Focus-SyncTests";
				PRODUCT_NAME = "$(TARGET_NAME)";
				SWIFT_EMIT_LOC_STRINGS = NO;
				SWIFT_VERSION = 5.0;
				TEST_HOST = "$(BUILT_PRODUCTS_DIR)/Calendar Focus Sync.app/$(BUNDLE_EXECUTABLE_FOLDER_PATH)/Calendar Focus Sync";
			};
			name = Debug;
		};
		49AB0DB32AA3A8C80047CC2E /* Release */ = {
			isa = XCBuildConfiguration;
			buildSettings = {
				ALWAYS_EMBED_SWIFT_STANDARD_LIBRARIES = YES;
				BUNDLE_LOADER = "$(TEST_HOST)";
				CODE_SIGN_STYLE = Automatic;
				CURRENT_PROJECT_VERSION = 1;
				GENERATE_INFOPLIST_FILE = YES;
				MACOSX_DEPLOYMENT_TARGET = 13.3;
				MARKETING_VERSION = 1.0;
				PRODUCT_BUNDLE_IDENTIFIER = "com.andrewglago.Calendar-Focus-SyncTests";
				PRODUCT_NAME = "$(TARGET_NAME)";
				SWIFT_EMIT_LOC_STRINGS = NO;
				SWIFT_VERSION = 5.0;
				TEST_HOST = "$(BUILT_PRODUCTS_DIR)/Calendar Focus Sync.app/$(BUNDLE_EXECUTABLE_FOLDER_PATH)/Calendar Focus Sync";
			};
			name = Release;
		};
		49AB0DB52AA3A8C80047CC2E /* Debug */ = {
			isa = XCBuildConfiguration;
			buildSettings = {
				ALWAYS_EMBED_SWIFT_STANDARD_LIBRARIES = YES;
				CODE_SIGN_STYLE = Automatic;
				CURRENT_PROJECT_VERSION = 1;
				GENERATE_INFOPLIST_FILE = YES;
				MARKETING_VERSION = 1.0;
				PRODUCT_BUNDLE_IDENTIFIER = "com.andrewglago.Calendar-Focus-SyncUITests";
				PRODUCT_NAME = "$(TARGET_NAME)";
				SWIFT_EMIT_LOC_STRINGS = NO;
				SWIFT_VERSION = 5.0;
				TEST_TARGET_NAME = "Calendar Focus Sync";
			};
			name = Debug;
		};
		49AB0DB62AA3A8C80047CC2E /* Release */ = {
			isa = XCBuildConfiguration;
			buildSettings = {
				ALWAYS_EMBED_SWIFT_STANDARD_LIBRARIES = YES;
				CODE_SIGN_STYLE = Automatic;
				CURRENT_PROJECT_VERSION = 1;
				GENERATE_INFOPLIST_FILE = YES;
				MARKETING_VERSION = 1.0;
				PRODUCT_BUNDLE_IDENTIFIER = "com.andrewglago.Calendar-Focus-SyncUITests";
				PRODUCT_NAME = "$(TARGET_NAME)";
				SWIFT_EMIT_LOC_STRINGS = NO;
				SWIFT_VERSION = 5.0;
				TEST_TARGET_NAME = "Calendar Focus Sync";
			};
			name = Release;
		};
/* End XCBuildConfiguration section */

/* Begin XCConfigurationList section */
		49AB0D842AA3A8C80047CC2E /* Build configuration list for PBXProject "Calendar Focus Sync" */ = {
			isa = XCConfigurationList;
			buildConfigurations = (
				49AB0DAC2AA3A8C80047CC2E /* Debug */,
				49AB0DAD2AA3A8C80047CC2E /* Release */,
			);
			defaultConfigurationIsVisible = 0;
			defaultConfigurationName = Release;
		};
		49AB0DAE2AA3A8C80047CC2E /* Build configuration list for PBXNativeTarget "Calendar Focus Sync" */ = {
			isa = XCConfigurationList;
			buildConfigurations = (
				49AB0DAF2AA3A8C80047CC2E /* Debug */,
				49AB0DB02AA3A8C80047CC2E /* Release */,
			);
			defaultConfigurationIsVisible = 0;
			defaultConfigurationName = Release;
		};
		49AB0DB12AA3A8C80047CC2E /* Build configuration list for PBXNativeTarget "Tests" */ = {
			isa = XCConfigurationList;
			buildConfigurations = (
				49AB0DB22AA3A8C80047CC2E /* Debug */,
				49AB0DB32AA3A8C80047CC2E /* Release */,
			);
			defaultConfigurationIsVisible = 0;
			defaultConfigurationName = Release;
		};
		49AB0DB42AA3A8C80047CC2E /* Build configuration list for PBXNativeTarget "UITests" */ = {
			isa = XCConfigurationList;
			buildConfigurations = (
				49AB0DB52AA3A8C80047CC2E /* Debug */,
				49AB0DB62AA3A8C80047CC2E /* Release */,
			);
			defaultConfigurationIsVisible = 0;
			defaultConfigurationName = Release;
		};
/* End XCConfigurationList section */
	};
	rootObject = 49AB0D812AA3A8C80047CC2E /* Project object */;
}
