// !$*UTF8*$!
{
	archiveVersion = 1;
	classes = {
	};
	objectVersion = 56;
	objects = {

/* Begin PBXBuildFile section */
		4907ED502AA5C0EF000A566E /* CalendarSync.swift in Sources */ = {isa = PBXBuildFile; fileRef = 4907ED4F2AA5C0EF000A566E /* CalendarSync.swift */; };
		490D80C72ADB151800E361C1 /* calendar-focus-sync.shortcut in Resources */ = {isa = PBXBuildFile; fileRef = 490D80C62ADB151800E361C1 /* calendar-focus-sync.shortcut */; };
		496FB0CD2AF6638900FE2BE8 /* SyncOrchestratorTests.swift in Sources */ = {isa = PBXBuildFile; fileRef = 496FB0CC2AF6638900FE2BE8 /* SyncOrchestratorTests.swift */; };
		496FB0CF2AF6640000FE2BE8 /* UserPreferences.swift in Sources */ = {isa = PBXBuildFile; fileRef = 496FB0CE2AF6640000FE2BE8 /* UserPreferences.swift */; };
		49A566782AED6B5B0083D89A /* ShortcutInstallView.swift in Sources */ = {isa = PBXBuildFile; fileRef = 49A566772AED6B5B0083D89A /* ShortcutInstallView.swift */; };
		49A5667A2AED6C400083D89A /* GrantPermissionsView.swift in Sources */ = {isa = PBXBuildFile; fileRef = 49A566792AED6C400083D89A /* GrantPermissionsView.swift */; };
		49A5667C2AED6E460083D89A /* NoticesView.swift in Sources */ = {isa = PBXBuildFile; fileRef = 49A5667B2AED6E460083D89A /* NoticesView.swift */; };
		49A5667F2AED75530083D89A /* NativeCalendarSyncTests.swift in Sources */ = {isa = PBXBuildFile; fileRef = 49A5667E2AED75530083D89A /* NativeCalendarSyncTests.swift */; };
		49A566832AED77290083D89A /* EKEventStore.swift in Sources */ = {isa = PBXBuildFile; fileRef = 49A566822AED77290083D89A /* EKEventStore.swift */; };
		49A566852AED78120083D89A /* EventKit.swift in Sources */ = {isa = PBXBuildFile; fileRef = 49A566842AED78120083D89A /* EventKit.swift */; };
		49AB0D8D2AA3A8C80047CC2E /* App.swift in Sources */ = {isa = PBXBuildFile; fileRef = 49AB0D8C2AA3A8C80047CC2E /* App.swift */; };
		49AB0D912AA3A8C80047CC2E /* Assets.xcassets in Resources */ = {isa = PBXBuildFile; fileRef = 49AB0D902AA3A8C80047CC2E /* Assets.xcassets */; };
		49AB0DBA2AA3AAA10047CC2E /* SettingsView.swift in Sources */ = {isa = PBXBuildFile; fileRef = 49AB0DB92AA3AAA10047CC2E /* SettingsView.swift */; };
		49AB0DBC2AA4837E0047CC2E /* Constants.swift in Sources */ = {isa = PBXBuildFile; fileRef = 49AB0DBB2AA4837E0047CC2E /* Constants.swift */; };
		49B74B2A2AA8640E00C6A853 /* SyncOrchestrator.swift in Sources */ = {isa = PBXBuildFile; fileRef = 49B74B292AA8640E00C6A853 /* SyncOrchestrator.swift */; };
		49B74B2D2AA8828400C6A853 /* LaunchAtLogin in Frameworks */ = {isa = PBXBuildFile; productRef = 49B74B2C2AA8828400C6A853 /* LaunchAtLogin */; };
		49B74B2F2AADEB4200C6A853 /* Focus.swift in Sources */ = {isa = PBXBuildFile; fileRef = 49B74B2E2AADEB4200C6A853 /* Focus.swift */; };
		49B74B352AB1E05200C6A853 /* Shell.swift in Sources */ = {isa = PBXBuildFile; fileRef = 49B74B342AB1E05200C6A853 /* Shell.swift */; };
		49C21A162AA5E3320063271F /* UserPreferences.swift in Sources */ = {isa = PBXBuildFile; fileRef = 49C21A152AA5E3320063271F /* UserPreferences.swift */; };
		49D1F0102AF040FC001A5D39 /* NativeCalendarSync.swift in Sources */ = {isa = PBXBuildFile; fileRef = 49D1F00F2AF040FC001A5D39 /* NativeCalendarSync.swift */; };
		49F388FE2AEAF9D600F3D9BF /* UpcomingEventsView.swift in Sources */ = {isa = PBXBuildFile; fileRef = 49F388FD2AEAF9D600F3D9BF /* UpcomingEventsView.swift */; };
		49FB5DF12AB72174009D832C /* AppState.swift in Sources */ = {isa = PBXBuildFile; fileRef = 49FB5DF02AB72174009D832C /* AppState.swift */; };
		49FB5DF32AB72944009D832C /* Color.swift in Sources */ = {isa = PBXBuildFile; fileRef = 49FB5DF22AB72944009D832C /* Color.swift */; };
		49FB5DF52AB73060009D832C /* Time.swift in Sources */ = {isa = PBXBuildFile; fileRef = 49FB5DF42AB73060009D832C /* Time.swift */; };
/* End PBXBuildFile section */

/* Begin PBXContainerItemProxy section */
		49AB0D9B2AA3A8C80047CC2E /* PBXContainerItemProxy */ = {
			isa = PBXContainerItemProxy;
			containerPortal = 49AB0D812AA3A8C80047CC2E /* Project object */;
			proxyType = 1;
			remoteGlobalIDString = 49AB0D882AA3A8C80047CC2E;
			remoteInfo = "Calendar Focus Sync";
		};
		49AB0DA52AA3A8C80047CC2E /* PBXContainerItemProxy */ = {
			isa = PBXContainerItemProxy;
			containerPortal = 49AB0D812AA3A8C80047CC2E /* Project object */;
			proxyType = 1;
			remoteGlobalIDString = 49AB0D882AA3A8C80047CC2E;
			remoteInfo = "Calendar Focus Sync";
		};
/* End PBXContainerItemProxy section */

/* Begin PBXFileReference section */
		4907ED4F2AA5C0EF000A566E /* CalendarSync.swift */ = {isa = PBXFileReference; lastKnownFileType = sourcecode.swift; path = CalendarSync.swift; sourceTree = "<group>"; };
		490D80C62ADB151800E361C1 /* calendar-focus-sync.shortcut */ = {isa = PBXFileReference; lastKnownFileType = file; path = "calendar-focus-sync.shortcut"; sourceTree = "<group>"; };
		490D80C82ADB1E0A00E361C1 /* Calendar Focus SyncRelease.entitlements */ = {isa = PBXFileReference; lastKnownFileType = text.plist.entitlements; path = "Calendar Focus SyncRelease.entitlements"; sourceTree = "<group>"; };
		496FB0CC2AF6638900FE2BE8 /* SyncOrchestratorTests.swift */ = {isa = PBXFileReference; lastKnownFileType = sourcecode.swift; path = SyncOrchestratorTests.swift; sourceTree = "<group>"; };
		496FB0CE2AF6640000FE2BE8 /* UserPreferences.swift */ = {isa = PBXFileReference; lastKnownFileType = sourcecode.swift; path = UserPreferences.swift; sourceTree = "<group>"; };
		49A566772AED6B5B0083D89A /* ShortcutInstallView.swift */ = {isa = PBXFileReference; lastKnownFileType = sourcecode.swift; path = ShortcutInstallView.swift; sourceTree = "<group>"; };
		49A566792AED6C400083D89A /* GrantPermissionsView.swift */ = {isa = PBXFileReference; lastKnownFileType = sourcecode.swift; path = GrantPermissionsView.swift; sourceTree = "<group>"; };
		49A5667B2AED6E460083D89A /* NoticesView.swift */ = {isa = PBXFileReference; lastKnownFileType = sourcecode.swift; path = NoticesView.swift; sourceTree = "<group>"; };
		49A5667E2AED75530083D89A /* NativeCalendarSyncTests.swift */ = {isa = PBXFileReference; lastKnownFileType = sourcecode.swift; path = NativeCalendarSyncTests.swift; sourceTree = "<group>"; };
		49A566822AED77290083D89A /* EKEventStore.swift */ = {isa = PBXFileReference; lastKnownFileType = sourcecode.swift; path = EKEventStore.swift; sourceTree = "<group>"; };
		49A566842AED78120083D89A /* EventKit.swift */ = {isa = PBXFileReference; lastKnownFileType = sourcecode.swift; path = EventKit.swift; sourceTree = "<group>"; };
		49AB0D892AA3A8C80047CC2E /* Calendar Focus Sync.app */ = {isa = PBXFileReference; explicitFileType = wrapper.application; includeInIndex = 0; path = "Calendar Focus Sync.app"; sourceTree = BUILT_PRODUCTS_DIR; };
		49AB0D8C2AA3A8C80047CC2E /* App.swift */ = {isa = PBXFileReference; lastKnownFileType = sourcecode.swift; path = App.swift; sourceTree = "<group>"; };
		49AB0D902AA3A8C80047CC2E /* Assets.xcassets */ = {isa = PBXFileReference; lastKnownFileType = folder.assetcatalog; path = Assets.xcassets; sourceTree = "<group>"; };
		49AB0D952AA3A8C80047CC2E /* Calendar_Focus_Sync.entitlements */ = {isa = PBXFileReference; lastKnownFileType = text.plist.entitlements; path = Calendar_Focus_Sync.entitlements; sourceTree = "<group>"; };
		49AB0D9A2AA3A8C80047CC2E /* Tests.xctest */ = {isa = PBXFileReference; explicitFileType = wrapper.cfbundle; includeInIndex = 0; path = Tests.xctest; sourceTree = BUILT_PRODUCTS_DIR; };
		49AB0DB92AA3AAA10047CC2E /* SettingsView.swift */ = {isa = PBXFileReference; lastKnownFileType = sourcecode.swift; path = SettingsView.swift; sourceTree = "<group>"; };
		49AB0DBB2AA4837E0047CC2E /* Constants.swift */ = {isa = PBXFileReference; lastKnownFileType = sourcecode.swift; path = Constants.swift; sourceTree = "<group>"; };
		49B74B292AA8640E00C6A853 /* SyncOrchestrator.swift */ = {isa = PBXFileReference; lastKnownFileType = sourcecode.swift; path = SyncOrchestrator.swift; sourceTree = "<group>"; };
		49B74B2E2AADEB4200C6A853 /* Focus.swift */ = {isa = PBXFileReference; lastKnownFileType = sourcecode.swift; path = Focus.swift; sourceTree = "<group>"; };
		49B74B342AB1E05200C6A853 /* Shell.swift */ = {isa = PBXFileReference; lastKnownFileType = sourcecode.swift; path = Shell.swift; sourceTree = "<group>"; };
		49C21A122AA5DE8D0063271F /* Info.plist */ = {isa = PBXFileReference; lastKnownFileType = text.plist.xml; path = Info.plist; sourceTree = "<group>"; };
		49C21A152AA5E3320063271F /* UserPreferences.swift */ = {isa = PBXFileReference; lastKnownFileType = sourcecode.swift; path = UserPreferences.swift; sourceTree = "<group>"; };
		49D1F00F2AF040FC001A5D39 /* NativeCalendarSync.swift */ = {isa = PBXFileReference; lastKnownFileType = sourcecode.swift; path = NativeCalendarSync.swift; sourceTree = "<group>"; };
		49F388FD2AEAF9D600F3D9BF /* UpcomingEventsView.swift */ = {isa = PBXFileReference; lastKnownFileType = sourcecode.swift; path = UpcomingEventsView.swift; sourceTree = "<group>"; };
		49FB5DF02AB72174009D832C /* AppState.swift */ = {isa = PBXFileReference; lastKnownFileType = sourcecode.swift; path = AppState.swift; sourceTree = "<group>"; };
		49FB5DF22AB72944009D832C /* Color.swift */ = {isa = PBXFileReference; lastKnownFileType = sourcecode.swift; path = Color.swift; sourceTree = "<group>"; };
		49FB5DF42AB73060009D832C /* Time.swift */ = {isa = PBXFileReference; lastKnownFileType = sourcecode.swift; path = Time.swift; sourceTree = "<group>"; };
/* End PBXFileReference section */

/* Begin PBXFrameworksBuildPhase section */
		49AB0D862AA3A8C80047CC2E /* Frameworks */ = {
			isa = PBXFrameworksBuildPhase;
			buildActionMask = 2147483647;
			files = (
				49B74B2D2AA8828400C6A853 /* LaunchAtLogin in Frameworks */,
			);
			runOnlyForDeploymentPostprocessing = 0;
		};
		49AB0D972AA3A8C80047CC2E /* Frameworks */ = {
			isa = PBXFrameworksBuildPhase;
			buildActionMask = 2147483647;
			files = (
			);
			runOnlyForDeploymentPostprocessing = 0;
		};
		49AB0DA12AA3A8C80047CC2E /* Frameworks */ = {
			isa = PBXFrameworksBuildPhase;
			buildActionMask = 2147483647;
			files = (
			);
			runOnlyForDeploymentPostprocessing = 0;
		};
/* End PBXFrameworksBuildPhase section */

/* Begin PBXGroup section */
		4907ED4E2AA5C0DA000A566E /* Services */ = {
			isa = PBXGroup;
			children = (
				4907ED4F2AA5C0EF000A566E /* CalendarSync.swift */,
				49B74B292AA8640E00C6A853 /* SyncOrchestrator.swift */,
				49B74B2E2AADEB4200C6A853 /* Focus.swift */,
			);
			path = Services;
			sourceTree = "<group>";
		};
		49A566762AED6B360083D89A /* Notices */ = {
			isa = PBXGroup;
			children = (
				49A566772AED6B5B0083D89A /* ShortcutInstallView.swift */,
				49A566792AED6C400083D89A /* GrantPermissionsView.swift */,
				49A5667B2AED6E460083D89A /* NoticesView.swift */,
			);
			path = Notices;
			sourceTree = "<group>";
		};
		49A566812AED771A0083D89A /* Mocks */ = {
			isa = PBXGroup;
			children = (
				49A566822AED77290083D89A /* EKEventStore.swift */,
				496FB0CE2AF6640000FE2BE8 /* UserPreferences.swift */,
			);
			path = Mocks;
			sourceTree = "<group>";
		};
		49AB0D802AA3A8C80047CC2E = {
			isa = PBXGroup;
			children = (
				49AB0D8B2AA3A8C80047CC2E /* Calendar Focus Sync */,
				49AB0D9D2AA3A8C80047CC2E /* Tests */,
				49AB0D8A2AA3A8C80047CC2E /* Products */,
			);
			sourceTree = "<group>";
		};
		49AB0D8A2AA3A8C80047CC2E /* Products */ = {
			isa = PBXGroup;
			children = (
				49AB0D892AA3A8C80047CC2E /* Calendar Focus Sync.app */,
				49AB0D9A2AA3A8C80047CC2E /* Tests.xctest */,
			);
			name = Products;
			sourceTree = "<group>";
		};
		49AB0D8B2AA3A8C80047CC2E /* Calendar Focus Sync */ = {
			isa = PBXGroup;
			children = (
				490D80C82ADB1E0A00E361C1 /* Calendar Focus SyncRelease.entitlements */,
				49AB0D8C2AA3A8C80047CC2E /* App.swift */,
				49AB0DBB2AA4837E0047CC2E /* Constants.swift */,
				49C21A142AA5E2E10063271F /* Views */,
				4907ED4E2AA5C0DA000A566E /* Services */,
				49C21A172AA5E3390063271F /* State */,
				49B74B302AB0CE4800C6A853 /* Resources */,
				49B74B332AB1E03000C6A853 /* Helpers */,
				49AB0D902AA3A8C80047CC2E /* Assets.xcassets */,
				49AB0D952AA3A8C80047CC2E /* Calendar_Focus_Sync.entitlements */,
				49C21A122AA5DE8D0063271F /* Info.plist */,
			);
			path = "Calendar Focus Sync";
			sourceTree = "<group>";
		};
		49AB0D9D2AA3A8C80047CC2E /* Tests */ = {
			isa = PBXGroup;
			children = (
				49D1F00E2AF040EB001A5D39 /* Stubs */,
				49A566812AED771A0083D89A /* Mocks */,
				49A5667E2AED75530083D89A /* NativeCalendarSyncTests.swift */,
				496FB0CC2AF6638900FE2BE8 /* SyncOrchestratorTests.swift */,
			);
			path = Tests;
			sourceTree = "<group>";
		};
		49B74B302AB0CE4800C6A853 /* Resources */ = {
			isa = PBXGroup;
			children = (
				490D80C62ADB151800E361C1 /* calendar-focus-sync.shortcut */,
			);
			path = Resources;
			sourceTree = "<group>";
		};
		49B74B332AB1E03000C6A853 /* Helpers */ = {
			isa = PBXGroup;
			children = (
				49B74B342AB1E05200C6A853 /* Shell.swift */,
				49FB5DF22AB72944009D832C /* Color.swift */,
				49FB5DF42AB73060009D832C /* Time.swift */,
				49A566842AED78120083D89A /* EventKit.swift */,
			);
			path = Helpers;
			sourceTree = "<group>";
		};
		49C21A142AA5E2E10063271F /* Views */ = {
			isa = PBXGroup;
			children = (
				49A566762AED6B360083D89A /* Notices */,
				49AB0DB92AA3AAA10047CC2E /* SettingsView.swift */,
				49F388FD2AEAF9D600F3D9BF /* UpcomingEventsView.swift */,
			);
			path = Views;
			sourceTree = "<group>";
		};
		49C21A172AA5E3390063271F /* State */ = {
			isa = PBXGroup;
			children = (
				49C21A152AA5E3320063271F /* UserPreferences.swift */,
				49FB5DF02AB72174009D832C /* AppState.swift */,
			);
			path = State;
			sourceTree = "<group>";
		};
		49D1F00E2AF040EB001A5D39 /* Stubs */ = {
			isa = PBXGroup;
			children = (
				49D1F00F2AF040FC001A5D39 /* NativeCalendarSync.swift */,
			);
			path = Stubs;
			sourceTree = "<group>";
		};
/* End PBXGroup section */

/* Begin PBXNativeTarget section */
		49AB0D882AA3A8C80047CC2E /* Calendar Focus Sync */ = {
			isa = PBXNativeTarget;
			buildConfigurationList = 49AB0DAE2AA3A8C80047CC2E /* Build configuration list for PBXNativeTarget "Calendar Focus Sync" */;
			buildPhases = (
				49AB0D852AA3A8C80047CC2E /* Sources */,
				49AB0D862AA3A8C80047CC2E /* Frameworks */,
				49AB0D872AA3A8C80047CC2E /* Resources */,
			);
			buildRules = (
			);
			dependencies = (
			);
			name = "Calendar Focus Sync";
			packageProductDependencies = (
				49B74B2C2AA8828400C6A853 /* LaunchAtLogin */,
			);
			productName = "Calendar Focus Sync";
			productReference = 49AB0D892AA3A8C80047CC2E /* Calendar Focus Sync.app */;
			productType = "com.apple.product-type.application";
		};
		49AB0D992AA3A8C80047CC2E /* Tests */ = {
			isa = PBXNativeTarget;
			buildConfigurationList = 49AB0DB12AA3A8C80047CC2E /* Build configuration list for PBXNativeTarget "Tests" */;
			buildPhases = (
				49AB0D962AA3A8C80047CC2E /* Sources */,
				49AB0D972AA3A8C80047CC2E /* Frameworks */,
				49AB0D982AA3A8C80047CC2E /* Resources */,
			);
			buildRules = (
			);
			dependencies = (
				49AB0D9C2AA3A8C80047CC2E /* PBXTargetDependency */,
			);
			name = Tests;
			productName = Tests;
			productReference = 49AB0D9A2AA3A8C80047CC2E /* Tests.xctest */;
			productType = "com.apple.product-type.bundle.unit-test";
		};
/* End PBXNativeTarget section */

/* Begin PBXProject section */
		49AB0D812AA3A8C80047CC2E /* Project object */ = {
			isa = PBXProject;
			attributes = {
				BuildIndependentTargetsInParallel = 1;
				LastSwiftUpdateCheck = 1430;
				LastUpgradeCheck = 1500;
				TargetAttributes = {
					49AB0D882AA3A8C80047CC2E = {
						CreatedOnToolsVersion = 14.3;
					};
					49AB0D992AA3A8C80047CC2E = {
						CreatedOnToolsVersion = 14.3;
						TestTargetID = 49AB0D882AA3A8C80047CC2E;
					};
					49AB0DA32AA3A8C80047CC2E = {
						CreatedOnToolsVersion = 14.3;
						TestTargetID = 49AB0D882AA3A8C80047CC2E;
					};
				};
			};
			buildConfigurationList = 49AB0D842AA3A8C80047CC2E /* Build configuration list for PBXProject "Calendar Focus Sync" */;
			compatibilityVersion = "Xcode 14.0";
			developmentRegion = en;
			hasScannedForEncodings = 0;
			knownRegions = (
				en,
				Base,
			);
			mainGroup = 49AB0D802AA3A8C80047CC2E;
			packageReferences = (
				49B74B2B2AA8828400C6A853 /* XCRemoteSwiftPackageReference "LaunchAtLogin-Modern" */,
			);
			productRefGroup = 49AB0D8A2AA3A8C80047CC2E /* Products */;
			projectDirPath = "";
			projectRoot = "";
			targets = (
				49AB0D882AA3A8C80047CC2E /* Calendar Focus Sync */,
				49AB0D992AA3A8C80047CC2E /* Tests */,
			);
		};
/* End PBXProject section */

/* Begin PBXResourcesBuildPhase section */
		49AB0D872AA3A8C80047CC2E /* Resources */ = {
			isa = PBXResourcesBuildPhase;
			buildActionMask = 2147483647;
			files = (
				490D80C72ADB151800E361C1 /* calendar-focus-sync.shortcut in Resources */,
				49AB0D912AA3A8C80047CC2E /* Assets.xcassets in Resources */,
			);
			runOnlyForDeploymentPostprocessing = 0;
		};
		49AB0D982AA3A8C80047CC2E /* Resources */ = {
			isa = PBXResourcesBuildPhase;
			buildActionMask = 2147483647;
			files = (
			);
			runOnlyForDeploymentPostprocessing = 0;
		};
		49AB0DA22AA3A8C80047CC2E /* Resources */ = {
			isa = PBXResourcesBuildPhase;
			buildActionMask = 2147483647;
			files = (
			);
			runOnlyForDeploymentPostprocessing = 0;
		};
/* End PBXResourcesBuildPhase section */

/* Begin PBXSourcesBuildPhase section */
		49AB0D852AA3A8C80047CC2E /* Sources */ = {
			isa = PBXSourcesBuildPhase;
			buildActionMask = 2147483647;
			files = (
				49FB5DF12AB72174009D832C /* AppState.swift in Sources */,
				49A5667A2AED6C400083D89A /* GrantPermissionsView.swift in Sources */,
				49B74B2A2AA8640E00C6A853 /* SyncOrchestrator.swift in Sources */,
				49A566852AED78120083D89A /* EventKit.swift in Sources */,
				49FB5DF52AB73060009D832C /* Time.swift in Sources */,
				49A5667C2AED6E460083D89A /* NoticesView.swift in Sources */,
				49A566782AED6B5B0083D89A /* ShortcutInstallView.swift in Sources */,
				49C21A162AA5E3320063271F /* UserPreferences.swift in Sources */,
				49FB5DF32AB72944009D832C /* Color.swift in Sources */,
				4907ED502AA5C0EF000A566E /* CalendarSync.swift in Sources */,
				49F388FE2AEAF9D600F3D9BF /* UpcomingEventsView.swift in Sources */,
				49B74B2F2AADEB4200C6A853 /* Focus.swift in Sources */,
				49AB0DBA2AA3AAA10047CC2E /* SettingsView.swift in Sources */,
				49AB0D8D2AA3A8C80047CC2E /* App.swift in Sources */,
				49B74B352AB1E05200C6A853 /* Shell.swift in Sources */,
				49AB0DBC2AA4837E0047CC2E /* Constants.swift in Sources */,
			);
			runOnlyForDeploymentPostprocessing = 0;
		};
		49AB0D962AA3A8C80047CC2E /* Sources */ = {
			isa = PBXSourcesBuildPhase;
			buildActionMask = 2147483647;
			files = (
				496FB0CF2AF6640000FE2BE8 /* UserPreferences.swift in Sources */,
				49D1F0102AF040FC001A5D39 /* NativeCalendarSync.swift in Sources */,
				49A5667F2AED75530083D89A /* NativeCalendarSyncTests.swift in Sources */,
				496FB0CD2AF6638900FE2BE8 /* SyncOrchestratorTests.swift in Sources */,
				49A566832AED77290083D89A /* EKEventStore.swift in Sources */,
			);
			runOnlyForDeploymentPostprocessing = 0;
		};
		49AB0DA02AA3A8C80047CC2E /* Sources */ = {
			isa = PBXSourcesBuildPhase;
			buildActionMask = 2147483647;
			files = (
			);
			runOnlyForDeploymentPostprocessing = 0;
		};
/* End PBXSourcesBuildPhase section */

/* Begin PBXTargetDependency section */
		49AB0D9C2AA3A8C80047CC2E /* PBXTargetDependency */ = {
			isa = PBXTargetDependency;
			target = 49AB0D882AA3A8C80047CC2E /* Calendar Focus Sync */;
			targetProxy = 49AB0D9B2AA3A8C80047CC2E /* PBXContainerItemProxy */;
		};
		49AB0DA62AA3A8C80047CC2E /* PBXTargetDependency */ = {
			isa = PBXTargetDependency;
			target = 49AB0D882AA3A8C80047CC2E /* Calendar Focus Sync */;
			targetProxy = 49AB0DA52AA3A8C80047CC2E /* PBXContainerItemProxy */;
		};
/* End PBXTargetDependency section */

/* Begin XCBuildConfiguration section */
		49AB0DAC2AA3A8C80047CC2E /* Debug */ = {
			isa = XCBuildConfiguration;
			buildSettings = {
				ALWAYS_SEARCH_USER_PATHS = NO;
				CLANG_ANALYZER_NONNULL = YES;
				CLANG_ANALYZER_NUMBER_OBJECT_CONVERSION = YES_AGGRESSIVE;
				CLANG_CXX_LANGUAGE_STANDARD = "gnu++20";
				CLANG_ENABLE_MODULES = YES;
				CLANG_ENABLE_OBJC_ARC = YES;
				CLANG_ENABLE_OBJC_WEAK = YES;
				CLANG_WARN_BLOCK_CAPTURE_AUTORELEASING = YES;
				CLANG_WARN_BOOL_CONVERSION = YES;
				CLANG_WARN_COMMA = YES;
				CLANG_WARN_CONSTANT_CONVERSION = YES;
				CLANG_WARN_DEPRECATED_OBJC_IMPLEMENTATIONS = YES;
				CLANG_WARN_DIRECT_OBJC_ISA_USAGE = YES_ERROR;
				CLANG_WARN_DOCUMENTATION_COMMENTS = YES;
				CLANG_WARN_EMPTY_BODY = YES;
				CLANG_WARN_ENUM_CONVERSION = YES;
				CLANG_WARN_INFINITE_RECURSION = YES;
				CLANG_WARN_INT_CONVERSION = YES;
				CLANG_WARN_NON_LITERAL_NULL_CONVERSION = YES;
				CLANG_WARN_OBJC_IMPLICIT_RETAIN_SELF = YES;
				CLANG_WARN_OBJC_LITERAL_CONVERSION = YES;
				CLANG_WARN_OBJC_ROOT_CLASS = YES_ERROR;
				CLANG_WARN_QUOTED_INCLUDE_IN_FRAMEWORK_HEADER = YES;
				CLANG_WARN_RANGE_LOOP_ANALYSIS = YES;
				CLANG_WARN_STRICT_PROTOTYPES = YES;
				CLANG_WARN_SUSPICIOUS_MOVE = YES;
				CLANG_WARN_UNGUARDED_AVAILABILITY = YES_AGGRESSIVE;
				CLANG_WARN_UNREACHABLE_CODE = YES;
				CLANG_WARN__DUPLICATE_METHOD_MATCH = YES;
				COPY_PHASE_STRIP = NO;
				DEAD_CODE_STRIPPING = YES;
				DEBUG_INFORMATION_FORMAT = dwarf;
				ENABLE_APP_SANDBOX = YES;
				ENABLE_STRICT_OBJC_MSGSEND = YES;
				ENABLE_TESTABILITY = YES;
				ENABLE_USER_SCRIPT_SANDBOXING = YES;
				GCC_C_LANGUAGE_STANDARD = gnu11;
				GCC_DYNAMIC_NO_PIC = NO;
				GCC_NO_COMMON_BLOCKS = YES;
				GCC_OPTIMIZATION_LEVEL = 0;
				GCC_PREPROCESSOR_DEFINITIONS = (
					"DEBUG=1",
					"$(inherited)",
				);
				GCC_WARN_64_TO_32_BIT_CONVERSION = YES;
				GCC_WARN_ABOUT_RETURN_TYPE = YES_ERROR;
				GCC_WARN_UNDECLARED_SELECTOR = YES;
				GCC_WARN_UNINITIALIZED_AUTOS = YES_AGGRESSIVE;
				GCC_WARN_UNUSED_FUNCTION = YES;
				GCC_WARN_UNUSED_VARIABLE = YES;
				INFOPLIST_KEY_NSCalendarsUsageDescription = "Calendar Focus Sync needs access to your calendar to know when to activate Focus Modes";
				MACOSX_DEPLOYMENT_TARGET = 14.0;
				MTL_ENABLE_DEBUG_INFO = INCLUDE_SOURCE;
				MTL_FAST_MATH = YES;
				ONLY_ACTIVE_ARCH = YES;
				SDKROOT = macosx;
				SWIFT_ACTIVE_COMPILATION_CONDITIONS = DEBUG;
				SWIFT_OPTIMIZATION_LEVEL = "-Onone";
			};
			name = Debug;
		};
		49AB0DAD2AA3A8C80047CC2E /* Release */ = {
			isa = XCBuildConfiguration;
			buildSettings = {
				ALWAYS_SEARCH_USER_PATHS = NO;
				CLANG_ANALYZER_NONNULL = YES;
				CLANG_ANALYZER_NUMBER_OBJECT_CONVERSION = YES_AGGRESSIVE;
				CLANG_CXX_LANGUAGE_STANDARD = "gnu++20";
				CLANG_ENABLE_MODULES = YES;
				CLANG_ENABLE_OBJC_ARC = YES;
				CLANG_ENABLE_OBJC_WEAK = YES;
				CLANG_WARN_BLOCK_CAPTURE_AUTORELEASING = YES;
				CLANG_WARN_BOOL_CONVERSION = YES;
				CLANG_WARN_COMMA = YES;
				CLANG_WARN_CONSTANT_CONVERSION = YES;
				CLANG_WARN_DEPRECATED_OBJC_IMPLEMENTATIONS = YES;
				CLANG_WARN_DIRECT_OBJC_ISA_USAGE = YES_ERROR;
				CLANG_WARN_DOCUMENTATION_COMMENTS = YES;
				CLANG_WARN_EMPTY_BODY = YES;
				CLANG_WARN_ENUM_CONVERSION = YES;
				CLANG_WARN_INFINITE_RECURSION = YES;
				CLANG_WARN_INT_CONVERSION = YES;
				CLANG_WARN_NON_LITERAL_NULL_CONVERSION = YES;
				CLANG_WARN_OBJC_IMPLICIT_RETAIN_SELF = YES;
				CLANG_WARN_OBJC_LITERAL_CONVERSION = YES;
				CLANG_WARN_OBJC_ROOT_CLASS = YES_ERROR;
				CLANG_WARN_QUOTED_INCLUDE_IN_FRAMEWORK_HEADER = YES;
				CLANG_WARN_RANGE_LOOP_ANALYSIS = YES;
				CLANG_WARN_STRICT_PROTOTYPES = YES;
				CLANG_WARN_SUSPICIOUS_MOVE = YES;
				CLANG_WARN_UNGUARDED_AVAILABILITY = YES_AGGRESSIVE;
				CLANG_WARN_UNREACHABLE_CODE = YES;
				CLANG_WARN__DUPLICATE_METHOD_MATCH = YES;
				COPY_PHASE_STRIP = NO;
				DEAD_CODE_STRIPPING = YES;
				DEBUG_INFORMATION_FORMAT = "dwarf-with-dsym";
				ENABLE_APP_SANDBOX = YES;
				ENABLE_NS_ASSERTIONS = NO;
				ENABLE_STRICT_OBJC_MSGSEND = YES;
				ENABLE_USER_SCRIPT_SANDBOXING = YES;
				GCC_C_LANGUAGE_STANDARD = gnu11;
				GCC_NO_COMMON_BLOCKS = YES;
				GCC_WARN_64_TO_32_BIT_CONVERSION = YES;
				GCC_WARN_ABOUT_RETURN_TYPE = YES_ERROR;
				GCC_WARN_UNDECLARED_SELECTOR = YES;
				GCC_WARN_UNINITIALIZED_AUTOS = YES_AGGRESSIVE;
				GCC_WARN_UNUSED_FUNCTION = YES;
				GCC_WARN_UNUSED_VARIABLE = YES;
				INFOPLIST_KEY_NSCalendarsUsageDescription = "Calendar Focus Sync needs access to your calendar to know when to activate Focus Modes";
				MACOSX_DEPLOYMENT_TARGET = 14.0;
				MTL_ENABLE_DEBUG_INFO = NO;
				MTL_FAST_MATH = YES;
				SDKROOT = macosx;
				SWIFT_COMPILATION_MODE = wholemodule;
				SWIFT_OPTIMIZATION_LEVEL = "-O";
			};
			name = Release;
		};
		49AB0DAF2AA3A8C80047CC2E /* Debug */ = {
			isa = XCBuildConfiguration;
			buildSettings = {
				ASSETCATALOG_COMPILER_APPICON_NAME = AppIcon;
				ASSETCATALOG_COMPILER_GLOBAL_ACCENT_COLOR_NAME = AccentColor;
				ASSETCATALOG_COMPILER_INCLUDE_ALL_APPICON_ASSETS = YES;
				CODE_SIGN_ENTITLEMENTS = "Calendar Focus Sync/Calendar_Focus_Sync.entitlements";
				CODE_SIGN_STYLE = Automatic;
				COMBINE_HIDPI_IMAGES = YES;
				CURRENT_PROJECT_VERSION = 1;
				DEAD_CODE_STRIPPING = YES;
				ENABLE_PREVIEWS = YES;
				GENERATE_INFOPLIST_FILE = YES;
				INFOPLIST_FILE = "Calendar Focus Sync/Info.plist";
				INFOPLIST_KEY_CFBundleDisplayName = "Calendar Focus Sync";
				INFOPLIST_KEY_LSApplicationCategoryType = "public.app-category.productivity";
				INFOPLIST_KEY_NSCalendarsUsageDescription = "Calendar Focus Sync needs access to your calendar to know when to activate Focus Modes";
				INFOPLIST_KEY_NSHumanReadableCopyright = "";
				LD_RUNPATH_SEARCH_PATHS = (
					"$(inherited)",
					"@executable_path/../Frameworks",
				);
				MARKETING_VERSION = 0.1;
				PRODUCT_BUNDLE_IDENTIFIER = "com.andrewglago.Calendar-Focus-Sync";
				PRODUCT_NAME = "$(TARGET_NAME)";
				SWIFT_EMIT_LOC_STRINGS = YES;
				SWIFT_VERSION = 5.0;
			};
			name = Debug;
		};
		49AB0DB02AA3A8C80047CC2E /* Release */ = {
			isa = XCBuildConfiguration;
			buildSettings = {
				ASSETCATALOG_COMPILER_APPICON_NAME = AppIcon;
				ASSETCATALOG_COMPILER_GLOBAL_ACCENT_COLOR_NAME = AccentColor;
				ASSETCATALOG_COMPILER_INCLUDE_ALL_APPICON_ASSETS = YES;
				CODE_SIGN_ENTITLEMENTS = "Calendar Focus Sync/Calendar Focus SyncRelease.entitlements";
				CODE_SIGN_STYLE = Automatic;
				COMBINE_HIDPI_IMAGES = YES;
				CURRENT_PROJECT_VERSION = 1;
				DEAD_CODE_STRIPPING = YES;
				ENABLE_HARDENED_RUNTIME = YES;
				ENABLE_PREVIEWS = YES;
				GENERATE_INFOPLIST_FILE = YES;
				INFOPLIST_FILE = "Calendar Focus Sync/Info.plist";
				INFOPLIST_KEY_CFBundleDisplayName = "Calendar Focus Sync";
				INFOPLIST_KEY_LSApplicationCategoryType = "public.app-category.productivity";
				INFOPLIST_KEY_NSCalendarsUsageDescription = "Calendar Focus Sync needs access to your calendar to know when to activate Focus Modes";
				INFOPLIST_KEY_NSHumanReadableCopyright = "";
				LD_RUNPATH_SEARCH_PATHS = (
					"$(inherited)",
					"@executable_path/../Frameworks",
				);
				MARKETING_VERSION = 0.1;
				PRODUCT_BUNDLE_IDENTIFIER = "com.andrewglago.Calendar-Focus-Sync";
				PRODUCT_NAME = "$(TARGET_NAME)";
				SWIFT_EMIT_LOC_STRINGS = YES;
				SWIFT_VERSION = 5.0;
			};
			name = Release;
		};
		49AB0DB22AA3A8C80047CC2E /* Debug */ = {
			isa = XCBuildConfiguration;
			buildSettings = {
				ALWAYS_EMBED_SWIFT_STANDARD_LIBRARIES = YES;
				BUNDLE_LOADER = "$(TEST_HOST)";
				CODE_SIGN_STYLE = Automatic;
				CURRENT_PROJECT_VERSION = 1;
				DEAD_CODE_STRIPPING = YES;
				GENERATE_INFOPLIST_FILE = YES;
				MACOSX_DEPLOYMENT_TARGET = 14.0;
				MARKETING_VERSION = 1.0;
				PRODUCT_BUNDLE_IDENTIFIER = "com.andrewglago.Calendar-Focus-SyncTests";
				PRODUCT_NAME = "$(TARGET_NAME)";
				SWIFT_EMIT_LOC_STRINGS = NO;
				SWIFT_VERSION = 5.0;
				TEST_HOST = "$(BUILT_PRODUCTS_DIR)/Calendar Focus Sync.app/$(BUNDLE_EXECUTABLE_FOLDER_PATH)/Calendar Focus Sync";
			};
			name = Debug;
		};
		49AB0DB32AA3A8C80047CC2E /* Release */ = {
			isa = XCBuildConfiguration;
			buildSettings = {
				ALWAYS_EMBED_SWIFT_STANDARD_LIBRARIES = YES;
				BUNDLE_LOADER = "$(TEST_HOST)";
				CODE_SIGN_STYLE = Automatic;
				CURRENT_PROJECT_VERSION = 1;
				DEAD_CODE_STRIPPING = YES;
				GENERATE_INFOPLIST_FILE = YES;
				MACOSX_DEPLOYMENT_TARGET = 14.0;
				MARKETING_VERSION = 1.0;
				PRODUCT_BUNDLE_IDENTIFIER = "com.andrewglago.Calendar-Focus-SyncTests";
				PRODUCT_NAME = "$(TARGET_NAME)";
				SWIFT_EMIT_LOC_STRINGS = NO;
				SWIFT_VERSION = 5.0;
				TEST_HOST = "$(BUILT_PRODUCTS_DIR)/Calendar Focus Sync.app/$(BUNDLE_EXECUTABLE_FOLDER_PATH)/Calendar Focus Sync";
			};
			name = Release;
		};
/* End XCBuildConfiguration section */

/* Begin XCConfigurationList section */
		49AB0D842AA3A8C80047CC2E /* Build configuration list for PBXProject "Calendar Focus Sync" */ = {
			isa = XCConfigurationList;
			buildConfigurations = (
				49AB0DAC2AA3A8C80047CC2E /* Debug */,
				49AB0DAD2AA3A8C80047CC2E /* Release */,
			);
			defaultConfigurationIsVisible = 0;
			defaultConfigurationName = Release;
		};
		49AB0DAE2AA3A8C80047CC2E /* Build configuration list for PBXNativeTarget "Calendar Focus Sync" */ = {
			isa = XCConfigurationList;
			buildConfigurations = (
				49AB0DAF2AA3A8C80047CC2E /* Debug */,
				49AB0DB02AA3A8C80047CC2E /* Release */,
			);
			defaultConfigurationIsVisible = 0;
			defaultConfigurationName = Release;
		};
		49AB0DB12AA3A8C80047CC2E /* Build configuration list for PBXNativeTarget "Tests" */ = {
			isa = XCConfigurationList;
			buildConfigurations = (
				49AB0DB22AA3A8C80047CC2E /* Debug */,
				49AB0DB32AA3A8C80047CC2E /* Release */,
			);
			defaultConfigurationIsVisible = 0;
			defaultConfigurationName = Release;
		};
/* End XCConfigurationList section */

/* Begin XCRemoteSwiftPackageReference section */
		49B74B2B2AA8828400C6A853 /* XCRemoteSwiftPackageReference "LaunchAtLogin-Modern" */ = {
			isa = XCRemoteSwiftPackageReference;
			repositoryURL = "https://github.com/sindresorhus/LaunchAtLogin-Modern";
			requirement = {
				branch = main;
				kind = branch;
			};
		};
/* End XCRemoteSwiftPackageReference section */

/* Begin XCSwiftPackageProductDependency section */
		49B74B2C2AA8828400C6A853 /* LaunchAtLogin */ = {
			isa = XCSwiftPackageProductDependency;
			package = 49B74B2B2AA8828400C6A853 /* XCRemoteSwiftPackageReference "LaunchAtLogin-Modern" */;
			productName = LaunchAtLogin;
		};
/* End XCSwiftPackageProductDependency section */
	};
	rootObject = 49AB0D812AA3A8C80047CC2E /* Project object */;
}
